
Microsoft Visual Studio Solution File, Format Version 12.00
# Visual Studio 14
VisualStudioVersion = 14.0.25420.1
MinimumVisualStudioVersion = 10.0.40219.1
Project("{2150E333-8FDC-42A3-9474-1A3956D46DE8}") = "src", "src", "{59FA491B-7730-4E76-BEE1-96DC245FE2D3}"
EndProject
Project("{2150E333-8FDC-42A3-9474-1A3956D46DE8}") = "Solution Items", "Solution Items", "{37E07AA2-8BC5-496B-9107-3C155DF31C77}"
	ProjectSection(SolutionItems) = preProject
		global.json = global.json
	EndProjectSection
EndProject
Project("{8BB2217D-0F2D-49D1-97BC-3654ED321F3B}") = "InterviewTexter", "src\InterviewTexter\InterviewTexter.xproj", "{32C2BDDB-0F76-4937-8FE0-20E06648FD55}"
EndProject
Global
	GlobalSection(SolutionConfigurationPlatforms) = preSolution
		Debug|Any CPU = Debug|Any CPU
		Release|Any CPU = Release|Any CPU
	EndGlobalSection
	GlobalSection(ProjectConfigurationPlatforms) = postSolution
		{32C2BDDB-0F76-4937-8FE0-20E06648FD55}.Debug|Any CPU.ActiveCfg = Debug|Any CPU
		{32C2BDDB-0F76-4937-8FE0-20E06648FD55}.Debug|Any CPU.Build.0 = Debug|Any CPU
		{32C2BDDB-0F76-4937-8FE0-20E06648FD55}.Release|Any CPU.ActiveCfg = Release|Any CPU
		{32C2BDDB-0F76-4937-8FE0-20E06648FD55}.Release|Any CPU.Build.0 = Release|Any CPU
	EndGlobalSection
	GlobalSection(SolutionProperties) = preSolution
		HideSolutionNode = FALSE
	EndGlobalSection
	GlobalSection(NestedProjects) = preSolution
		{32C2BDDB-0F76-4937-8FE0-20E06648FD55} = {59FA491B-7730-4E76-BEE1-96DC245FE2D3}
	EndGlobalSection
EndGlobal
